
Microsoft Visual Studio Solution File, Format Version 12.00
# Visual Studio Version 16
VisualStudioVersion = 16.0.31025.194
MinimumVisualStudioVersion = 10.0.40219.1
Project("{FAE04EC0-301F-11D3-BF4B-00C04F79EFBC}") = "ACM.BL", "ACM.BL\ACM.BL.csproj", "{BC0F22EE-2685-45E2-A0EB-8764111C77E0}"
EndProject
Project("{2150E333-8FDC-42A3-9474-1A3956D46DE8}") = "Tests", "Tests", "{99E07936-4DD2-4436-B00E-F257CE53CF12}"
EndProject
Project("{FAE04EC0-301F-11D3-BF4B-00C04F79EFBC}") = "ACM.BLTest", "Tests\ACM.BLTest\ACM.BLTest.csproj", "{14CDF4B9-3658-446A-B6BF-0C8D8A9B34BB}"
EndProject
Global
	GlobalSection(SolutionConfigurationPlatforms) = preSolution
		Debug|Any CPU = Debug|Any CPU
		Release|Any CPU = Release|Any CPU
	EndGlobalSection
	GlobalSection(ProjectConfigurationPlatforms) = postSolution
		{BC0F22EE-2685-45E2-A0EB-8764111C77E0}.Debug|Any CPU.ActiveCfg = Debug|Any CPU
		{BC0F22EE-2685-45E2-A0EB-8764111C77E0}.Debug|Any CPU.Build.0 = Debug|Any CPU
		{BC0F22EE-2685-45E2-A0EB-8764111C77E0}.Release|Any CPU.ActiveCfg = Release|Any CPU
		{BC0F22EE-2685-45E2-A0EB-8764111C77E0}.Release|Any CPU.Build.0 = Release|Any CPU
		{14CDF4B9-3658-446A-B6BF-0C8D8A9B34BB}.Debug|Any CPU.ActiveCfg = Debug|Any CPU
		{14CDF4B9-3658-446A-B6BF-0C8D8A9B34BB}.Debug|Any CPU.Build.0 = Debug|Any CPU
		{14CDF4B9-3658-446A-B6BF-0C8D8A9B34BB}.Release|Any CPU.ActiveCfg = Release|Any CPU
		{14CDF4B9-3658-446A-B6BF-0C8D8A9B34BB}.Release|Any CPU.Build.0 = Release|Any CPU
	EndGlobalSection
	GlobalSection(SolutionProperties) = preSolution
		HideSolutionNode = FALSE
	EndGlobalSection
	GlobalSection(NestedProjects) = preSolution
		{14CDF4B9-3658-446A-B6BF-0C8D8A9B34BB} = {99E07936-4DD2-4436-B00E-F257CE53CF12}
	EndGlobalSection
	GlobalSection(ExtensibilityGlobals) = postSolution
		SolutionGuid = {4F21E03B-F0A0-4A5D-9F19-3A6A3A9DD932}
	EndGlobalSection
EndGlobal
